
Microsoft Visual Studio Solution File, Format Version 12.00
# Visual Studio Version 16
VisualStudioVersion = 16.0.29001.49
MinimumVisualStudioVersion = 10.0.40219.1
Project("{FAE04EC0-301F-11D3-BF4B-00C04F79EFBC}") = "Pitagoras", "Pitagoras\Pitagoras.csproj", "{0AC1956A-3D79-4A2C-887D-4DDBC65C93E3}"
EndProject
Global
	GlobalSection(SolutionConfigurationPlatforms) = preSolution
		Debug|Any CPU = Debug|Any CPU
		Release|Any CPU = Release|Any CPU
	EndGlobalSection
	GlobalSection(ProjectConfigurationPlatforms) = postSolution
		{0AC1956A-3D79-4A2C-887D-4DDBC65C93E3}.Debug|Any CPU.ActiveCfg = Debug|Any CPU
		{0AC1956A-3D79-4A2C-887D-4DDBC65C93E3}.Debug|Any CPU.Build.0 = Debug|Any CPU
		{0AC1956A-3D79-4A2C-887D-4DDBC65C93E3}.Release|Any CPU.ActiveCfg = Release|Any CPU
		{0AC1956A-3D79-4A2C-887D-4DDBC65C93E3}.Release|Any CPU.Build.0 = Release|Any CPU
	EndGlobalSection
	GlobalSection(SolutionProperties) = preSolution
		HideSolutionNode = FALSE
	EndGlobalSection
	GlobalSection(ExtensibilityGlobals) = postSolution
		SolutionGuid = {8A8D8C16-6FED-4AB1-8576-69A3A3D5857F}
	EndGlobalSection
EndGlobal
